
Microsoft Visual Studio Solution File, Format Version 12.00
# Visual Studio Version 17
VisualStudioVersion = 17.8.34316.72
MinimumVisualStudioVersion = 10.0.40219.1
Project("{2150E333-8FDC-42A3-9474-1A3956D46DE8}") = "Web", "Web", "{2F89B202-4556-47DA-B8D1-06C173555385}"
EndProject
Project("{2150E333-8FDC-42A3-9474-1A3956D46DE8}") = "RestAPI", "RestAPI", "{BB594D87-DE10-4F3C-B858-047C7A3EBE50}"
EndProject
Project("{2150E333-8FDC-42A3-9474-1A3956D46DE8}") = "Testing", "Testing", "{996C9F3A-5CAD-415B-BE10-756E479CE645}"
EndProject
Project("{9A19103F-16F7-4668-BE54-9A1E7A4F7556}") = "Loogan.Web.UI", "Loogan.Web.UI\Loogan.Web.UI.csproj", "{41B0387B-4616-42CC-BF12-37C33582DE98}"
EndProject
Project("{9A19103F-16F7-4668-BE54-9A1E7A4F7556}") = "Loogan.Web.API", "Loogan.Web.API\Loogan.Web.API.csproj", "{6AB4B14D-7A2A-4889-AD73-B315514CADCE}"
EndProject
Project("{2150E333-8FDC-42A3-9474-1A3956D46DE8}") = "DataLayer", "DataLayer", "{056BFB14-5290-4E48-B1A3-C2A70DF8A986}"
EndProject
Project("{2150E333-8FDC-42A3-9474-1A3956D46DE8}") = "API", "API", "{1C836A51-7B4C-4CE2-8492-46638196F4F7}"
EndProject
Project("{2150E333-8FDC-42A3-9474-1A3956D46DE8}") = "Models", "Models", "{F13FBB29-A180-4AD9-B13C-82BBB3DBF1A0}"
EndProject
Project("{9A19103F-16F7-4668-BE54-9A1E7A4F7556}") = "Loogan.API.Models", "Loogan.API.Models\Loogan.API.Models.csproj", "{F928DEEA-37A8-47B3-83EA-9F73519602C2}"
EndProject
Project("{9A19103F-16F7-4668-BE54-9A1E7A4F7556}") = "Loogan.API.BusinessService", "Loogan.API.BusinessService\Loogan.API.BusinessService.csproj", "{9DD35746-89AC-44C8-85E4-242EA164E145}"
EndProject
Project("{2150E333-8FDC-42A3-9474-1A3956D46DE8}") = "Business", "Business", "{BA0D46D9-0F11-48D3-B0E8-ADD6938F92A4}"
EndProject
Project("{2150E333-8FDC-42A3-9474-1A3956D46DE8}") = "Common", "Common", "{D94B4BD4-4C09-45D7-91B4-2F9D684665DD}"
EndProject
Project("{9A19103F-16F7-4668-BE54-9A1E7A4F7556}") = "Loogan.Common.Utilities", "Loogan.Common.Utilities\Loogan.Common.Utilities.csproj", "{18467295-06F8-4AE6-8DBF-95DD6D0335F9}"
EndProject
Project("{2150E333-8FDC-42A3-9474-1A3956D46DE8}") = "SqlProject", "SqlProject", "{CA526E88-F25B-4CC7-A5E0-899B21B91419}"
EndProject
Project("{00D1A9C2-B5F0-4AF3-8072-F6C62B433612}") = "Loogan.SqlServer.DatabaseScripts", "Loogan.SqlServer.DatabaseScripts\Loogan.SqlServer.DatabaseScripts.sqlproj", "{A5FBED7F-B34C-44FB-811D-0F23923DFDFB}"
EndProject
Project("{9A19103F-16F7-4668-BE54-9A1E7A4F7556}") = "Loogan.API.Database", "Loogan.API.Database\Loogan.API.Database.csproj", "{76758BBB-9949-49D3-B3F8-DD3CE9ECFD8E}"
EndProject
Global
	GlobalSection(SolutionConfigurationPlatforms) = preSolution
		Debug|Any CPU = Debug|Any CPU
		Release|Any CPU = Release|Any CPU
	EndGlobalSection
	GlobalSection(ProjectConfigurationPlatforms) = postSolution
		{41B0387B-4616-42CC-BF12-37C33582DE98}.Debug|Any CPU.ActiveCfg = Debug|Any CPU
		{41B0387B-4616-42CC-BF12-37C33582DE98}.Debug|Any CPU.Build.0 = Debug|Any CPU
		{41B0387B-4616-42CC-BF12-37C33582DE98}.Release|Any CPU.ActiveCfg = Release|Any CPU
		{41B0387B-4616-42CC-BF12-37C33582DE98}.Release|Any CPU.Build.0 = Release|Any CPU
		{6AB4B14D-7A2A-4889-AD73-B315514CADCE}.Debug|Any CPU.ActiveCfg = Debug|Any CPU
		{6AB4B14D-7A2A-4889-AD73-B315514CADCE}.Debug|Any CPU.Build.0 = Debug|Any CPU
		{6AB4B14D-7A2A-4889-AD73-B315514CADCE}.Release|Any CPU.ActiveCfg = Release|Any CPU
		{6AB4B14D-7A2A-4889-AD73-B315514CADCE}.Release|Any CPU.Build.0 = Release|Any CPU
		{F928DEEA-37A8-47B3-83EA-9F73519602C2}.Debug|Any CPU.ActiveCfg = Debug|Any CPU
		{F928DEEA-37A8-47B3-83EA-9F73519602C2}.Debug|Any CPU.Build.0 = Debug|Any CPU
		{F928DEEA-37A8-47B3-83EA-9F73519602C2}.Release|Any CPU.ActiveCfg = Release|Any CPU
		{F928DEEA-37A8-47B3-83EA-9F73519602C2}.Release|Any CPU.Build.0 = Release|Any CPU
		{9DD35746-89AC-44C8-85E4-242EA164E145}.Debug|Any CPU.ActiveCfg = Debug|Any CPU
		{9DD35746-89AC-44C8-85E4-242EA164E145}.Debug|Any CPU.Build.0 = Debug|Any CPU
		{9DD35746-89AC-44C8-85E4-242EA164E145}.Release|Any CPU.ActiveCfg = Release|Any CPU
		{9DD35746-89AC-44C8-85E4-242EA164E145}.Release|Any CPU.Build.0 = Release|Any CPU
		{18467295-06F8-4AE6-8DBF-95DD6D0335F9}.Debug|Any CPU.ActiveCfg = Debug|Any CPU
		{18467295-06F8-4AE6-8DBF-95DD6D0335F9}.Debug|Any CPU.Build.0 = Debug|Any CPU
		{18467295-06F8-4AE6-8DBF-95DD6D0335F9}.Release|Any CPU.ActiveCfg = Release|Any CPU
		{18467295-06F8-4AE6-8DBF-95DD6D0335F9}.Release|Any CPU.Build.0 = Release|Any CPU
		{A5FBED7F-B34C-44FB-811D-0F23923DFDFB}.Debug|Any CPU.ActiveCfg = Debug|Any CPU
		{A5FBED7F-B34C-44FB-811D-0F23923DFDFB}.Debug|Any CPU.Deploy.0 = Debug|Any CPU
		{A5FBED7F-B34C-44FB-811D-0F23923DFDFB}.Release|Any CPU.ActiveCfg = Release|Any CPU
		{A5FBED7F-B34C-44FB-811D-0F23923DFDFB}.Release|Any CPU.Build.0 = Release|Any CPU
		{A5FBED7F-B34C-44FB-811D-0F23923DFDFB}.Release|Any CPU.Deploy.0 = Release|Any CPU
		{76758BBB-9949-49D3-B3F8-DD3CE9ECFD8E}.Debug|Any CPU.ActiveCfg = Debug|Any CPU
		{76758BBB-9949-49D3-B3F8-DD3CE9ECFD8E}.Debug|Any CPU.Build.0 = Debug|Any CPU
		{76758BBB-9949-49D3-B3F8-DD3CE9ECFD8E}.Release|Any CPU.ActiveCfg = Release|Any CPU
		{76758BBB-9949-49D3-B3F8-DD3CE9ECFD8E}.Release|Any CPU.Build.0 = Release|Any CPU
	EndGlobalSection
	GlobalSection(SolutionProperties) = preSolution
		HideSolutionNode = FALSE
	EndGlobalSection
	GlobalSection(NestedProjects) = preSolution
		{41B0387B-4616-42CC-BF12-37C33582DE98} = {2F89B202-4556-47DA-B8D1-06C173555385}
		{6AB4B14D-7A2A-4889-AD73-B315514CADCE} = {1C836A51-7B4C-4CE2-8492-46638196F4F7}
		{056BFB14-5290-4E48-B1A3-C2A70DF8A986} = {BB594D87-DE10-4F3C-B858-047C7A3EBE50}
		{1C836A51-7B4C-4CE2-8492-46638196F4F7} = {BB594D87-DE10-4F3C-B858-047C7A3EBE50}
		{F13FBB29-A180-4AD9-B13C-82BBB3DBF1A0} = {BB594D87-DE10-4F3C-B858-047C7A3EBE50}
		{F928DEEA-37A8-47B3-83EA-9F73519602C2} = {F13FBB29-A180-4AD9-B13C-82BBB3DBF1A0}
		{9DD35746-89AC-44C8-85E4-242EA164E145} = {BA0D46D9-0F11-48D3-B0E8-ADD6938F92A4}
		{BA0D46D9-0F11-48D3-B0E8-ADD6938F92A4} = {BB594D87-DE10-4F3C-B858-047C7A3EBE50}
		{18467295-06F8-4AE6-8DBF-95DD6D0335F9} = {D94B4BD4-4C09-45D7-91B4-2F9D684665DD}
		{A5FBED7F-B34C-44FB-811D-0F23923DFDFB} = {CA526E88-F25B-4CC7-A5E0-899B21B91419}
		{76758BBB-9949-49D3-B3F8-DD3CE9ECFD8E} = {056BFB14-5290-4E48-B1A3-C2A70DF8A986}
	EndGlobalSection
	GlobalSection(ExtensibilityGlobals) = postSolution
		SolutionGuid = {8F719715-5CAF-4959-BBC1-C5619E960FC5}
	EndGlobalSection
EndGlobal
